
Microsoft Visual Studio Solution File, Format Version 12.00
# Visual Studio Version 17
VisualStudioVersion = 17.7.34221.43
MinimumVisualStudioVersion = 10.0.40219.1
Project("{9A19103F-16F7-4668-BE54-9A1E7A4F7556}") = "FitnessClubAPI", "FitnessClubAPI\FitnessClubAPI.csproj", "{C220261C-6A6C-446F-AB7C-B8B8FBA10D90}"
EndProject
Project("{FAE04EC0-301F-11D3-BF4B-00C04F79EFBC}") = "Fitnessclub.Data", "Fitnessclub.Data\Fitnessclub.Data.csproj", "{7A5677BA-B0DD-4CAE-BDE9-087F55E02412}"
EndProject
Global
	GlobalSection(SolutionConfigurationPlatforms) = preSolution
		Debug|Any CPU = Debug|Any CPU
		Release|Any CPU = Release|Any CPU
	EndGlobalSection
	GlobalSection(ProjectConfigurationPlatforms) = postSolution
		{C220261C-6A6C-446F-AB7C-B8B8FBA10D90}.Debug|Any CPU.ActiveCfg = Debug|Any CPU
		{C220261C-6A6C-446F-AB7C-B8B8FBA10D90}.Debug|Any CPU.Build.0 = Debug|Any CPU
		{C220261C-6A6C-446F-AB7C-B8B8FBA10D90}.Release|Any CPU.ActiveCfg = Release|Any CPU
		{C220261C-6A6C-446F-AB7C-B8B8FBA10D90}.Release|Any CPU.Build.0 = Release|Any CPU
		{7A5677BA-B0DD-4CAE-BDE9-087F55E02412}.Debug|Any CPU.ActiveCfg = Debug|Any CPU
		{7A5677BA-B0DD-4CAE-BDE9-087F55E02412}.Debug|Any CPU.Build.0 = Debug|Any CPU
		{7A5677BA-B0DD-4CAE-BDE9-087F55E02412}.Release|Any CPU.ActiveCfg = Release|Any CPU
		{7A5677BA-B0DD-4CAE-BDE9-087F55E02412}.Release|Any CPU.Build.0 = Release|Any CPU
	EndGlobalSection
	GlobalSection(SolutionProperties) = preSolution
		HideSolutionNode = FALSE
	EndGlobalSection
	GlobalSection(ExtensibilityGlobals) = postSolution
		SolutionGuid = {FA00091D-24CF-440F-A717-1FAD377C6918}
	EndGlobalSection
EndGlobal
